<?xml version="1.0" encoding="UTF-8" standalone="yes" ?>
<CodeBlocks_project_file>
	<FileVersion major="1" minor="6" />
	<Project>
		<Option title="Project_27" />
		<Option pch_mode="2" />
		<Option compiler="gcc" />
		<Build>
			<Target title="Debug">
				<Option output="bin/Debug/Project_27" prefix_auto="1" extension_auto="1" />
				<Option object_output="obj/Debug/" />
				<Option type="1" />
				<Option compiler="gcc" />
				<Compiler>
					<Add option="-g" />
				</Compiler>
			</Target>
			<Target title="Release">
				<Option output="bin/Release/Project_27" prefix_auto="1" extension_auto="1" />
				<Option object_output="obj/Release/" />
				<Option type="1" />
				<Option compiler="gcc" />
				<Compiler>
					<Add option="-O2" />
				</Compiler>
				<Linker>
					<Add option="-s" />
				</Linker>
			</Target>
		</Build>
		<Compiler>
			<Add option="-Wall" />
		</Compiler>
		<Unit filename="Headers/date.h" />
		<Unit filename="Headers/deputy.h" />
		<Unit filename="Headers/employee.h" />
		<Unit filename="Headers/equipment.h" />
		<Unit filename="Headers/head.h" />
		<Unit filename="Headers/person.h" />
		<Unit filename="Headers/product.h" />
		<Unit filename="Headers/profession.h" />
		<Unit filename="Sources/date.c">
			<Option compilerVar="CC" />
		</Unit>
		<Unit filename="Sources/deputy.c">
			<Option compilerVar="CC" />
		</Unit>
		<Unit filename="Sources/employee.c">
			<Option compilerVar="CC" />
		</Unit>
		<Unit filename="Sources/equipment.c">
			<Option compilerVar="CC" />
		</Unit>
		<Unit filename="Sources/head.c">
			<Option compilerVar="CC" />
		</Unit>
		<Unit filename="Sources/person.c">
			<Option compilerVar="CC" />
		</Unit>
		<Unit filename="Sources/product.c">
			<Option compilerVar="CC" />
		</Unit>
		<Unit filename="Sources/profession.c">
			<Option compilerVar="CC" />
		</Unit>
		<Unit filename="main.c">
			<Option compilerVar="CC" />
		</Unit>
		<Extensions>
			<lib_finder disable_auto="1" />
		</Extensions>
	</Project>
</CodeBlocks_project_file>
